
Microsoft Visual Studio Solution File, Format Version 12.00
# Visual Studio 2012
Project("{FAE04EC0-301F-11D3-BF4B-00C04F79EFBC}") = "AspNetMvc3", "AspNetMvc3\AspNetMvc3.csproj", "{DE76F833-3EA4-4D65-A214-2BD4F2E48E20}"
EndProject
Global
	GlobalSection(SolutionConfigurationPlatforms) = preSolution
		Debug|Any CPU = Debug|Any CPU
		Release|Any CPU = Release|Any CPU
	EndGlobalSection
	GlobalSection(ProjectConfigurationPlatforms) = postSolution
		{DE76F833-3EA4-4D65-A214-2BD4F2E48E20}.Debug|Any CPU.ActiveCfg = Debug|Any CPU
		{DE76F833-3EA4-4D65-A214-2BD4F2E48E20}.Debug|Any CPU.Build.0 = Debug|Any CPU
		{DE76F833-3EA4-4D65-A214-2BD4F2E48E20}.Release|Any CPU.ActiveCfg = Release|Any CPU
		{DE76F833-3EA4-4D65-A214-2BD4F2E48E20}.Release|Any CPU.Build.0 = Release|Any CPU
	EndGlobalSection
	GlobalSection(SolutionProperties) = preSolution
		HideSolutionNode = FALSE
	EndGlobalSection
EndGlobal
